
Microsoft Visual Studio Solution File, Format Version 12.00
# Visual Studio 15
VisualStudioVersion = 15.0.26730.10
MinimumVisualStudioVersion = 10.0.40219.1


Project("{9A19103F-16F7-4668-BE54-9A1E7A4F7556}") = "ProXamTabsSample", "ProXamTabsSample\ProXamTabsSample\ProXamTabsSample.csproj", "{4440F413-40DF-4736-8E50-B61F93F2A46F}"
EndProject

Project("{FAE04EC0-301F-11D3-BF4B-00C04F79EFBC}") = "ProXamTabsSample.iOS", "ProXamTabsSample\ProXamTabsSample.iOS\ProXamTabsSample.iOS.csproj", "{BA541858-B157-4CF7-B163-3F9DB5BFC28A}"
EndProject


Project("{FAE04EC0-301F-11D3-BF4B-00C04F79EFBC}") = "ProXamTabsSample.Android", "ProXamTabsSample\ProXamTabsSample.Android\ProXamTabsSample.Android.csproj", "{44555DF5-96A0-4BEB-935C-86D54BFD1700}"
EndProject

Project("{FAE04EC0-301F-11D3-BF4B-00C04F79EFBC}") = "ProXamTabsSample.UWP", "ProXamTabsSample\ProXamTabsSample.UWP\ProXamTabsSample.UWP.csproj", "{D17EC33E-7CC7-457D-BB60-A2BE80F4F80A}"
EndProject

Global
	GlobalSection(SolutionConfigurationPlatforms) = preSolution
		Ad-Hoc|Any CPU = Ad-Hoc|Any CPU
		Ad-Hoc|ARM = Ad-Hoc|ARM
		Ad-Hoc|iPhone = Ad-Hoc|iPhone
		Ad-Hoc|iPhoneSimulator = Ad-Hoc|iPhoneSimulator
		Ad-Hoc|x64 = Ad-Hoc|x64
		Ad-Hoc|x86 = Ad-Hoc|x86
		AppStore|Any CPU = AppStore|Any CPU
		AppStore|ARM = AppStore|ARM
		AppStore|iPhone = AppStore|iPhone
		AppStore|iPhoneSimulator = AppStore|iPhoneSimulator
		AppStore|x64 = AppStore|x64
		AppStore|x86 = AppStore|x86
		Debug|Any CPU = Debug|Any CPU
		Debug|ARM = Debug|ARM
		Debug|iPhone = Debug|iPhone
		Debug|iPhoneSimulator = Debug|iPhoneSimulator
		Debug|x64 = Debug|x64
		Debug|x86 = Debug|x86
		Release|Any CPU = Release|Any CPU
		Release|ARM = Release|ARM
		Release|iPhone = Release|iPhone
		Release|iPhoneSimulator = Release|iPhoneSimulator
		Release|x64 = Release|x64
		Release|x86 = Release|x86
	EndGlobalSection
	GlobalSection(ProjectConfigurationPlatforms) = postSolution
		{4440F413-40DF-4736-8E50-B61F93F2A46F}.Ad-Hoc|Any CPU.ActiveCfg = Debug|Any CPU
		{4440F413-40DF-4736-8E50-B61F93F2A46F}.Ad-Hoc|Any CPU.Build.0 = Debug|Any CPU
		{4440F413-40DF-4736-8E50-B61F93F2A46F}.Ad-Hoc|ARM.ActiveCfg = Debug|Any CPU
		{4440F413-40DF-4736-8E50-B61F93F2A46F}.Ad-Hoc|ARM.Build.0 = Debug|Any CPU
		{4440F413-40DF-4736-8E50-B61F93F2A46F}.Ad-Hoc|iPhone.ActiveCfg = Debug|Any CPU
		{4440F413-40DF-4736-8E50-B61F93F2A46F}.Ad-Hoc|iPhone.Build.0 = Debug|Any CPU
		{4440F413-40DF-4736-8E50-B61F93F2A46F}.Ad-Hoc|iPhoneSimulator.ActiveCfg = Debug|Any CPU
		{4440F413-40DF-4736-8E50-B61F93F2A46F}.Ad-Hoc|iPhoneSimulator.Build.0 = Debug|Any CPU
		{4440F413-40DF-4736-8E50-B61F93F2A46F}.Ad-Hoc|x64.ActiveCfg = Debug|Any CPU
		{4440F413-40DF-4736-8E50-B61F93F2A46F}.Ad-Hoc|x64.Build.0 = Debug|Any CPU
		{4440F413-40DF-4736-8E50-B61F93F2A46F}.Ad-Hoc|x86.ActiveCfg = Debug|Any CPU
		{4440F413-40DF-4736-8E50-B61F93F2A46F}.Ad-Hoc|x86.Build.0 = Debug|Any CPU
		{4440F413-40DF-4736-8E50-B61F93F2A46F}.AppStore|Any CPU.ActiveCfg = Debug|Any CPU
		{4440F413-40DF-4736-8E50-B61F93F2A46F}.AppStore|Any CPU.Build.0 = Debug|Any CPU
		{4440F413-40DF-4736-8E50-B61F93F2A46F}.AppStore|ARM.ActiveCfg = Debug|Any CPU
		{4440F413-40DF-4736-8E50-B61F93F2A46F}.AppStore|ARM.Build.0 = Debug|Any CPU
		{4440F413-40DF-4736-8E50-B61F93F2A46F}.AppStore|iPhone.ActiveCfg = Debug|Any CPU
		{4440F413-40DF-4736-8E50-B61F93F2A46F}.AppStore|iPhone.Build.0 = Debug|Any CPU
		{4440F413-40DF-4736-8E50-B61F93F2A46F}.AppStore|iPhoneSimulator.ActiveCfg = Debug|Any CPU
		{4440F413-40DF-4736-8E50-B61F93F2A46F}.AppStore|iPhoneSimulator.Build.0 = Debug|Any CPU
		{4440F413-40DF-4736-8E50-B61F93F2A46F}.AppStore|x64.ActiveCfg = Debug|Any CPU
		{4440F413-40DF-4736-8E50-B61F93F2A46F}.AppStore|x64.Build.0 = Debug|Any CPU
		{4440F413-40DF-4736-8E50-B61F93F2A46F}.AppStore|x86.ActiveCfg = Debug|Any CPU
		{4440F413-40DF-4736-8E50-B61F93F2A46F}.AppStore|x86.Build.0 = Debug|Any CPU
		{4440F413-40DF-4736-8E50-B61F93F2A46F}.Debug|Any CPU.ActiveCfg = Debug|Any CPU
		{4440F413-40DF-4736-8E50-B61F93F2A46F}.Debug|Any CPU.Build.0 = Debug|Any CPU
		{4440F413-40DF-4736-8E50-B61F93F2A46F}.Debug|ARM.ActiveCfg = Debug|Any CPU
		{4440F413-40DF-4736-8E50-B61F93F2A46F}.Debug|ARM.Build.0 = Debug|Any CPU
		{4440F413-40DF-4736-8E50-B61F93F2A46F}.Debug|iPhone.ActiveCfg = Debug|Any CPU
		{4440F413-40DF-4736-8E50-B61F93F2A46F}.Debug|iPhone.Build.0 = Debug|Any CPU
		{4440F413-40DF-4736-8E50-B61F93F2A46F}.Debug|iPhoneSimulator.ActiveCfg = Debug|Any CPU
		{4440F413-40DF-4736-8E50-B61F93F2A46F}.Debug|iPhoneSimulator.Build.0 = Debug|Any CPU
		{4440F413-40DF-4736-8E50-B61F93F2A46F}.Debug|x64.ActiveCfg = Debug|Any CPU
		{4440F413-40DF-4736-8E50-B61F93F2A46F}.Debug|x64.Build.0 = Debug|Any CPU
		{4440F413-40DF-4736-8E50-B61F93F2A46F}.Debug|x86.ActiveCfg = Debug|Any CPU
		{4440F413-40DF-4736-8E50-B61F93F2A46F}.Debug|x86.Build.0 = Debug|Any CPU
		{4440F413-40DF-4736-8E50-B61F93F2A46F}.Release|Any CPU.ActiveCfg = Release|Any CPU
		{4440F413-40DF-4736-8E50-B61F93F2A46F}.Release|Any CPU.Build.0 = Release|Any CPU
		{4440F413-40DF-4736-8E50-B61F93F2A46F}.Release|ARM.ActiveCfg = Release|Any CPU
		{4440F413-40DF-4736-8E50-B61F93F2A46F}.Release|ARM.Build.0 = Release|Any CPU
		{4440F413-40DF-4736-8E50-B61F93F2A46F}.Release|iPhone.ActiveCfg = Release|Any CPU
		{4440F413-40DF-4736-8E50-B61F93F2A46F}.Release|iPhone.Build.0 = Release|Any CPU
		{4440F413-40DF-4736-8E50-B61F93F2A46F}.Release|iPhoneSimulator.ActiveCfg = Release|Any CPU
		{4440F413-40DF-4736-8E50-B61F93F2A46F}.Release|iPhoneSimulator.Build.0 = Release|Any CPU
		{4440F413-40DF-4736-8E50-B61F93F2A46F}.Release|x64.ActiveCfg = Release|Any CPU
		{4440F413-40DF-4736-8E50-B61F93F2A46F}.Release|x64.Build.0 = Release|Any CPU
		{4440F413-40DF-4736-8E50-B61F93F2A46F}.Release|x86.ActiveCfg = Release|Any CPU
		{4440F413-40DF-4736-8E50-B61F93F2A46F}.Release|x86.Build.0 = Release|Any CPU
		{BA541858-B157-4CF7-B163-3F9DB5BFC28A}.Ad-Hoc|Any CPU.ActiveCfg = Ad-Hoc|iPhone
		{BA541858-B157-4CF7-B163-3F9DB5BFC28A}.Ad-Hoc|ARM.ActiveCfg = Ad-Hoc|iPhone
		{BA541858-B157-4CF7-B163-3F9DB5BFC28A}.Ad-Hoc|iPhone.ActiveCfg = Ad-Hoc|iPhone
		{BA541858-B157-4CF7-B163-3F9DB5BFC28A}.Ad-Hoc|iPhone.Build.0 = Ad-Hoc|iPhone
		{BA541858-B157-4CF7-B163-3F9DB5BFC28A}.Ad-Hoc|iPhoneSimulator.ActiveCfg = Ad-Hoc|iPhoneSimulator
		{BA541858-B157-4CF7-B163-3F9DB5BFC28A}.Ad-Hoc|iPhoneSimulator.Build.0 = Ad-Hoc|iPhoneSimulator
		{BA541858-B157-4CF7-B163-3F9DB5BFC28A}.Ad-Hoc|x64.ActiveCfg = Ad-Hoc|iPhone
		{BA541858-B157-4CF7-B163-3F9DB5BFC28A}.Ad-Hoc|x86.ActiveCfg = Ad-Hoc|iPhone
		{BA541858-B157-4CF7-B163-3F9DB5BFC28A}.AppStore|Any CPU.ActiveCfg = AppStore|iPhone
		{BA541858-B157-4CF7-B163-3F9DB5BFC28A}.AppStore|ARM.ActiveCfg = AppStore|iPhone
		{BA541858-B157-4CF7-B163-3F9DB5BFC28A}.AppStore|iPhone.ActiveCfg = AppStore|iPhone
		{BA541858-B157-4CF7-B163-3F9DB5BFC28A}.AppStore|iPhone.Build.0 = AppStore|iPhone
		{BA541858-B157-4CF7-B163-3F9DB5BFC28A}.AppStore|iPhoneSimulator.ActiveCfg = AppStore|iPhoneSimulator
		{BA541858-B157-4CF7-B163-3F9DB5BFC28A}.AppStore|iPhoneSimulator.Build.0 = AppStore|iPhoneSimulator
		{BA541858-B157-4CF7-B163-3F9DB5BFC28A}.AppStore|x64.ActiveCfg = AppStore|iPhone
		{BA541858-B157-4CF7-B163-3F9DB5BFC28A}.AppStore|x86.ActiveCfg = AppStore|iPhone
		{BA541858-B157-4CF7-B163-3F9DB5BFC28A}.Debug|Any CPU.ActiveCfg = Debug|iPhone
		{BA541858-B157-4CF7-B163-3F9DB5BFC28A}.Debug|ARM.ActiveCfg = Debug|iPhone
		{BA541858-B157-4CF7-B163-3F9DB5BFC28A}.Debug|iPhone.ActiveCfg = Debug|iPhone
		{BA541858-B157-4CF7-B163-3F9DB5BFC28A}.Debug|iPhone.Build.0 = Debug|iPhone
		{BA541858-B157-4CF7-B163-3F9DB5BFC28A}.Debug|iPhoneSimulator.ActiveCfg = Debug|iPhoneSimulator
		{BA541858-B157-4CF7-B163-3F9DB5BFC28A}.Debug|iPhoneSimulator.Build.0 = Debug|iPhoneSimulator
		{BA541858-B157-4CF7-B163-3F9DB5BFC28A}.Debug|x64.ActiveCfg = Debug|iPhone
		{BA541858-B157-4CF7-B163-3F9DB5BFC28A}.Debug|x86.ActiveCfg = Debug|iPhone
		{BA541858-B157-4CF7-B163-3F9DB5BFC28A}.Release|Any CPU.ActiveCfg = Release|iPhone
		{BA541858-B157-4CF7-B163-3F9DB5BFC28A}.Release|ARM.ActiveCfg = Release|iPhone
		{BA541858-B157-4CF7-B163-3F9DB5BFC28A}.Release|iPhone.ActiveCfg = Release|iPhone
		{BA541858-B157-4CF7-B163-3F9DB5BFC28A}.Release|iPhone.Build.0 = Release|iPhone
		{BA541858-B157-4CF7-B163-3F9DB5BFC28A}.Release|iPhoneSimulator.ActiveCfg = Release|iPhoneSimulator
		{BA541858-B157-4CF7-B163-3F9DB5BFC28A}.Release|iPhoneSimulator.Build.0 = Release|iPhoneSimulator
		{BA541858-B157-4CF7-B163-3F9DB5BFC28A}.Release|x64.ActiveCfg = Release|iPhone
		{BA541858-B157-4CF7-B163-3F9DB5BFC28A}.Release|x86.ActiveCfg = Release|iPhone
		{D17EC33E-7CC7-457D-BB60-A2BE80F4F80A}.Ad-Hoc|Any CPU.ActiveCfg = Release|x86
		{D17EC33E-7CC7-457D-BB60-A2BE80F4F80A}.Ad-Hoc|Any CPU.Build.0 = Release|x86
		{D17EC33E-7CC7-457D-BB60-A2BE80F4F80A}.Ad-Hoc|Any CPU.Deploy.0 = Release|x86
		{D17EC33E-7CC7-457D-BB60-A2BE80F4F80A}.Ad-Hoc|ARM.ActiveCfg = Release|ARM
		{D17EC33E-7CC7-457D-BB60-A2BE80F4F80A}.Ad-Hoc|ARM.Build.0 = Release|ARM
		{D17EC33E-7CC7-457D-BB60-A2BE80F4F80A}.Ad-Hoc|ARM.Deploy.0 = Release|ARM
		{D17EC33E-7CC7-457D-BB60-A2BE80F4F80A}.Ad-Hoc|iPhone.ActiveCfg = Release|x86
		{D17EC33E-7CC7-457D-BB60-A2BE80F4F80A}.Ad-Hoc|iPhone.Build.0 = Release|x86
		{D17EC33E-7CC7-457D-BB60-A2BE80F4F80A}.Ad-Hoc|iPhone.Deploy.0 = Release|x86
		{D17EC33E-7CC7-457D-BB60-A2BE80F4F80A}.Ad-Hoc|iPhoneSimulator.ActiveCfg = Release|x86
		{D17EC33E-7CC7-457D-BB60-A2BE80F4F80A}.Ad-Hoc|iPhoneSimulator.Build.0 = Release|x86
		{D17EC33E-7CC7-457D-BB60-A2BE80F4F80A}.Ad-Hoc|iPhoneSimulator.Deploy.0 = Release|x86
		{D17EC33E-7CC7-457D-BB60-A2BE80F4F80A}.Ad-Hoc|x64.ActiveCfg = Release|x64
		{D17EC33E-7CC7-457D-BB60-A2BE80F4F80A}.Ad-Hoc|x64.Build.0 = Release|x64
		{D17EC33E-7CC7-457D-BB60-A2BE80F4F80A}.Ad-Hoc|x64.Deploy.0 = Release|x64
		{D17EC33E-7CC7-457D-BB60-A2BE80F4F80A}.Ad-Hoc|x86.ActiveCfg = Release|x86
		{D17EC33E-7CC7-457D-BB60-A2BE80F4F80A}.Ad-Hoc|x86.Build.0 = Release|x86
		{D17EC33E-7CC7-457D-BB60-A2BE80F4F80A}.Ad-Hoc|x86.Deploy.0 = Release|x86
		{D17EC33E-7CC7-457D-BB60-A2BE80F4F80A}.AppStore|Any CPU.ActiveCfg = Release|x86
		{D17EC33E-7CC7-457D-BB60-A2BE80F4F80A}.AppStore|Any CPU.Build.0 = Release|x86
		{D17EC33E-7CC7-457D-BB60-A2BE80F4F80A}.AppStore|Any CPU.Deploy.0 = Release|x86
		{D17EC33E-7CC7-457D-BB60-A2BE80F4F80A}.AppStore|ARM.ActiveCfg = Release|ARM
		{D17EC33E-7CC7-457D-BB60-A2BE80F4F80A}.AppStore|ARM.Build.0 = Release|ARM
		{D17EC33E-7CC7-457D-BB60-A2BE80F4F80A}.AppStore|ARM.Deploy.0 = Release|ARM
		{D17EC33E-7CC7-457D-BB60-A2BE80F4F80A}.AppStore|iPhone.ActiveCfg = Release|x86
		{D17EC33E-7CC7-457D-BB60-A2BE80F4F80A}.AppStore|iPhone.Build.0 = Release|x86
		{D17EC33E-7CC7-457D-BB60-A2BE80F4F80A}.AppStore|iPhone.Deploy.0 = Release|x86
		{D17EC33E-7CC7-457D-BB60-A2BE80F4F80A}.AppStore|iPhoneSimulator.ActiveCfg = Release|x86
		{D17EC33E-7CC7-457D-BB60-A2BE80F4F80A}.AppStore|iPhoneSimulator.Build.0 = Release|x86
		{D17EC33E-7CC7-457D-BB60-A2BE80F4F80A}.AppStore|iPhoneSimulator.Deploy.0 = Release|x86
		{D17EC33E-7CC7-457D-BB60-A2BE80F4F80A}.AppStore|x64.ActiveCfg = Release|x64
		{D17EC33E-7CC7-457D-BB60-A2BE80F4F80A}.AppStore|x64.Build.0 = Release|x64
		{D17EC33E-7CC7-457D-BB60-A2BE80F4F80A}.AppStore|x64.Deploy.0 = Release|x64
		{D17EC33E-7CC7-457D-BB60-A2BE80F4F80A}.AppStore|x86.ActiveCfg = Release|x86
		{D17EC33E-7CC7-457D-BB60-A2BE80F4F80A}.AppStore|x86.Build.0 = Release|x86
		{D17EC33E-7CC7-457D-BB60-A2BE80F4F80A}.AppStore|x86.Deploy.0 = Release|x86
		{D17EC33E-7CC7-457D-BB60-A2BE80F4F80A}.Debug|Any CPU.ActiveCfg = Debug|x86
		{D17EC33E-7CC7-457D-BB60-A2BE80F4F80A}.Debug|ARM.ActiveCfg = Debug|ARM
		{D17EC33E-7CC7-457D-BB60-A2BE80F4F80A}.Debug|ARM.Build.0 = Debug|ARM
		{D17EC33E-7CC7-457D-BB60-A2BE80F4F80A}.Debug|ARM.Deploy.0 = Debug|ARM
		{D17EC33E-7CC7-457D-BB60-A2BE80F4F80A}.Debug|iPhone.ActiveCfg = Debug|x86
		{D17EC33E-7CC7-457D-BB60-A2BE80F4F80A}.Debug|iPhoneSimulator.ActiveCfg = Debug|x86
		{D17EC33E-7CC7-457D-BB60-A2BE80F4F80A}.Debug|x64.ActiveCfg = Debug|x64
		{D17EC33E-7CC7-457D-BB60-A2BE80F4F80A}.Debug|x64.Build.0 = Debug|x64
		{D17EC33E-7CC7-457D-BB60-A2BE80F4F80A}.Debug|x64.Deploy.0 = Debug|x64
		{D17EC33E-7CC7-457D-BB60-A2BE80F4F80A}.Debug|x86.ActiveCfg = Debug|x86
		{D17EC33E-7CC7-457D-BB60-A2BE80F4F80A}.Debug|x86.Build.0 = Debug|x86
		{D17EC33E-7CC7-457D-BB60-A2BE80F4F80A}.Debug|x86.Deploy.0 = Debug|x86
		{D17EC33E-7CC7-457D-BB60-A2BE80F4F80A}.Release|Any CPU.ActiveCfg = Release|x86
		{D17EC33E-7CC7-457D-BB60-A2BE80F4F80A}.Release|ARM.ActiveCfg = Release|ARM
		{D17EC33E-7CC7-457D-BB60-A2BE80F4F80A}.Release|ARM.Build.0 = Release|ARM
		{D17EC33E-7CC7-457D-BB60-A2BE80F4F80A}.Release|ARM.Deploy.0 = Release|ARM
		{D17EC33E-7CC7-457D-BB60-A2BE80F4F80A}.Release|iPhone.ActiveCfg = Release|x86
		{D17EC33E-7CC7-457D-BB60-A2BE80F4F80A}.Release|iPhoneSimulator.ActiveCfg = Release|x86
		{D17EC33E-7CC7-457D-BB60-A2BE80F4F80A}.Release|x64.ActiveCfg = Release|x64
		{D17EC33E-7CC7-457D-BB60-A2BE80F4F80A}.Release|x64.Build.0 = Release|x64
		{D17EC33E-7CC7-457D-BB60-A2BE80F4F80A}.Release|x64.Deploy.0 = Release|x64
		{D17EC33E-7CC7-457D-BB60-A2BE80F4F80A}.Release|x86.ActiveCfg = Release|x86
		{D17EC33E-7CC7-457D-BB60-A2BE80F4F80A}.Release|x86.Build.0 = Release|x86
		{D17EC33E-7CC7-457D-BB60-A2BE80F4F80A}.Release|x86.Deploy.0 = Release|x86
		{20FDA6ED-B68E-4610-807B-F358668F181E}.Ad-Hoc|Any CPU.ActiveCfg = Release|Any CPU
		{20FDA6ED-B68E-4610-807B-F358668F181E}.Ad-Hoc|Any CPU.Build.0 = Release|Any CPU
		{20FDA6ED-B68E-4610-807B-F358668F181E}.Ad-Hoc|Any CPU.Deploy.0 = Release|Any CPU
		{20FDA6ED-B68E-4610-807B-F358668F181E}.Ad-Hoc|ARM.ActiveCfg = Release|Any CPU
		{20FDA6ED-B68E-4610-807B-F358668F181E}.Ad-Hoc|ARM.Build.0 = Release|Any CPU
		{20FDA6ED-B68E-4610-807B-F358668F181E}.Ad-Hoc|ARM.Deploy.0 = Release|Any CPU
		{20FDA6ED-B68E-4610-807B-F358668F181E}.Ad-Hoc|iPhone.ActiveCfg = Release|Any CPU
		{20FDA6ED-B68E-4610-807B-F358668F181E}.Ad-Hoc|iPhone.Build.0 = Release|Any CPU
		{20FDA6ED-B68E-4610-807B-F358668F181E}.Ad-Hoc|iPhone.Deploy.0 = Release|Any CPU
		{20FDA6ED-B68E-4610-807B-F358668F181E}.Ad-Hoc|iPhoneSimulator.ActiveCfg = Release|Any CPU
		{20FDA6ED-B68E-4610-807B-F358668F181E}.Ad-Hoc|iPhoneSimulator.Build.0 = Release|Any CPU
		{20FDA6ED-B68E-4610-807B-F358668F181E}.Ad-Hoc|iPhoneSimulator.Deploy.0 = Release|Any CPU
		{20FDA6ED-B68E-4610-807B-F358668F181E}.Ad-Hoc|x64.ActiveCfg = Release|Any CPU
		{20FDA6ED-B68E-4610-807B-F358668F181E}.Ad-Hoc|x64.Build.0 = Release|Any CPU
		{20FDA6ED-B68E-4610-807B-F358668F181E}.Ad-Hoc|x64.Deploy.0 = Release|Any CPU
		{20FDA6ED-B68E-4610-807B-F358668F181E}.Ad-Hoc|x86.ActiveCfg = Release|Any CPU
		{20FDA6ED-B68E-4610-807B-F358668F181E}.Ad-Hoc|x86.Build.0 = Release|Any CPU
		{20FDA6ED-B68E-4610-807B-F358668F181E}.Ad-Hoc|x86.Deploy.0 = Release|Any CPU
		{20FDA6ED-B68E-4610-807B-F358668F181E}.AppStore|Any CPU.ActiveCfg = Release|Any CPU
		{20FDA6ED-B68E-4610-807B-F358668F181E}.AppStore|Any CPU.Build.0 = Release|Any CPU
		{20FDA6ED-B68E-4610-807B-F358668F181E}.AppStore|Any CPU.Deploy.0 = Release|Any CPU
		{20FDA6ED-B68E-4610-807B-F358668F181E}.AppStore|ARM.ActiveCfg = Release|Any CPU
		{20FDA6ED-B68E-4610-807B-F358668F181E}.AppStore|ARM.Build.0 = Release|Any CPU
		{20FDA6ED-B68E-4610-807B-F358668F181E}.AppStore|ARM.Deploy.0 = Release|Any CPU
		{20FDA6ED-B68E-4610-807B-F358668F181E}.AppStore|iPhone.ActiveCfg = Release|Any CPU
		{20FDA6ED-B68E-4610-807B-F358668F181E}.AppStore|iPhone.Build.0 = Release|Any CPU
		{20FDA6ED-B68E-4610-807B-F358668F181E}.AppStore|iPhone.Deploy.0 = Release|Any CPU
		{20FDA6ED-B68E-4610-807B-F358668F181E}.AppStore|iPhoneSimulator.ActiveCfg = Release|Any CPU
		{20FDA6ED-B68E-4610-807B-F358668F181E}.AppStore|iPhoneSimulator.Build.0 = Release|Any CPU
		{20FDA6ED-B68E-4610-807B-F358668F181E}.AppStore|iPhoneSimulator.Deploy.0 = Release|Any CPU
		{20FDA6ED-B68E-4610-807B-F358668F181E}.AppStore|x64.ActiveCfg = Release|Any CPU
		{20FDA6ED-B68E-4610-807B-F358668F181E}.AppStore|x64.Build.0 = Release|Any CPU
		{20FDA6ED-B68E-4610-807B-F358668F181E}.AppStore|x64.Deploy.0 = Release|Any CPU
		{20FDA6ED-B68E-4610-807B-F358668F181E}.AppStore|x86.ActiveCfg = Release|Any CPU
		{20FDA6ED-B68E-4610-807B-F358668F181E}.AppStore|x86.Build.0 = Release|Any CPU
		{20FDA6ED-B68E-4610-807B-F358668F181E}.AppStore|x86.Deploy.0 = Release|Any CPU
		{20FDA6ED-B68E-4610-807B-F358668F181E}.Debug|Any CPU.ActiveCfg = Debug|Any CPU
		{20FDA6ED-B68E-4610-807B-F358668F181E}.Debug|Any CPU.Build.0 = Debug|Any CPU
		{20FDA6ED-B68E-4610-807B-F358668F181E}.Debug|Any CPU.Deploy.0 = Debug|Any CPU
		{20FDA6ED-B68E-4610-807B-F358668F181E}.Debug|ARM.ActiveCfg = Debug|Any CPU
		{20FDA6ED-B68E-4610-807B-F358668F181E}.Debug|ARM.Build.0 = Debug|Any CPU
		{20FDA6ED-B68E-4610-807B-F358668F181E}.Debug|ARM.Deploy.0 = Debug|Any CPU
		{20FDA6ED-B68E-4610-807B-F358668F181E}.Debug|iPhone.ActiveCfg = Debug|Any CPU
		{20FDA6ED-B68E-4610-807B-F358668F181E}.Debug|iPhone.Build.0 = Debug|Any CPU
		{20FDA6ED-B68E-4610-807B-F358668F181E}.Debug|iPhone.Deploy.0 = Debug|Any CPU
		{20FDA6ED-B68E-4610-807B-F358668F181E}.Debug|iPhoneSimulator.ActiveCfg = Debug|Any CPU
		{20FDA6ED-B68E-4610-807B-F358668F181E}.Debug|iPhoneSimulator.Build.0 = Debug|Any CPU
		{20FDA6ED-B68E-4610-807B-F358668F181E}.Debug|iPhoneSimulator.Deploy.0 = Debug|Any CPU
		{20FDA6ED-B68E-4610-807B-F358668F181E}.Debug|x64.ActiveCfg = Debug|Any CPU
		{20FDA6ED-B68E-4610-807B-F358668F181E}.Debug|x64.Build.0 = Debug|Any CPU
		{20FDA6ED-B68E-4610-807B-F358668F181E}.Debug|x64.Deploy.0 = Debug|Any CPU
		{20FDA6ED-B68E-4610-807B-F358668F181E}.Debug|x86.ActiveCfg = Debug|Any CPU
		{20FDA6ED-B68E-4610-807B-F358668F181E}.Debug|x86.Build.0 = Debug|Any CPU
		{20FDA6ED-B68E-4610-807B-F358668F181E}.Debug|x86.Deploy.0 = Debug|Any CPU
		{20FDA6ED-B68E-4610-807B-F358668F181E}.Release|Any CPU.ActiveCfg = Release|Any CPU
		{20FDA6ED-B68E-4610-807B-F358668F181E}.Release|Any CPU.Build.0 = Release|Any CPU
		{20FDA6ED-B68E-4610-807B-F358668F181E}.Release|Any CPU.Deploy.0 = Release|Any CPU
		{20FDA6ED-B68E-4610-807B-F358668F181E}.Release|ARM.ActiveCfg = Release|Any CPU
		{20FDA6ED-B68E-4610-807B-F358668F181E}.Release|ARM.Build.0 = Release|Any CPU
		{20FDA6ED-B68E-4610-807B-F358668F181E}.Release|ARM.Deploy.0 = Release|Any CPU
		{20FDA6ED-B68E-4610-807B-F358668F181E}.Release|iPhone.ActiveCfg = Release|Any CPU
		{20FDA6ED-B68E-4610-807B-F358668F181E}.Release|iPhone.Build.0 = Release|Any CPU
		{20FDA6ED-B68E-4610-807B-F358668F181E}.Release|iPhone.Deploy.0 = Release|Any CPU
		{20FDA6ED-B68E-4610-807B-F358668F181E}.Release|iPhoneSimulator.ActiveCfg = Release|Any CPU
		{20FDA6ED-B68E-4610-807B-F358668F181E}.Release|iPhoneSimulator.Build.0 = Release|Any CPU
		{20FDA6ED-B68E-4610-807B-F358668F181E}.Release|iPhoneSimulator.Deploy.0 = Release|Any CPU
		{20FDA6ED-B68E-4610-807B-F358668F181E}.Release|x64.ActiveCfg = Release|Any CPU
		{20FDA6ED-B68E-4610-807B-F358668F181E}.Release|x64.Build.0 = Release|Any CPU
		{20FDA6ED-B68E-4610-807B-F358668F181E}.Release|x64.Deploy.0 = Release|Any CPU
		{20FDA6ED-B68E-4610-807B-F358668F181E}.Release|x86.ActiveCfg = Release|Any CPU
		{20FDA6ED-B68E-4610-807B-F358668F181E}.Release|x86.Build.0 = Release|Any CPU
		{20FDA6ED-B68E-4610-807B-F358668F181E}.Release|x86.Deploy.0 = Release|Any CPU
		{B445DF73-AC9E-4276-9FBA-7CB5AD5D2518}.Ad-Hoc|Any CPU.ActiveCfg = Release|Any CPU
		{B445DF73-AC9E-4276-9FBA-7CB5AD5D2518}.Ad-Hoc|Any CPU.Build.0 = Release|Any CPU
		{B445DF73-AC9E-4276-9FBA-7CB5AD5D2518}.Ad-Hoc|ARM.ActiveCfg = Release|Any CPU
		{B445DF73-AC9E-4276-9FBA-7CB5AD5D2518}.Ad-Hoc|ARM.Build.0 = Release|Any CPU
		{B445DF73-AC9E-4276-9FBA-7CB5AD5D2518}.Ad-Hoc|iPhone.ActiveCfg = Release|Any CPU
		{B445DF73-AC9E-4276-9FBA-7CB5AD5D2518}.Ad-Hoc|iPhone.Build.0 = Release|Any CPU
		{B445DF73-AC9E-4276-9FBA-7CB5AD5D2518}.Ad-Hoc|iPhoneSimulator.ActiveCfg = Release|Any CPU
		{B445DF73-AC9E-4276-9FBA-7CB5AD5D2518}.Ad-Hoc|iPhoneSimulator.Build.0 = Release|Any CPU
		{B445DF73-AC9E-4276-9FBA-7CB5AD5D2518}.Ad-Hoc|x64.ActiveCfg = Release|Any CPU
		{B445DF73-AC9E-4276-9FBA-7CB5AD5D2518}.Ad-Hoc|x64.Build.0 = Release|Any CPU
		{B445DF73-AC9E-4276-9FBA-7CB5AD5D2518}.Ad-Hoc|x86.ActiveCfg = Release|Any CPU
		{B445DF73-AC9E-4276-9FBA-7CB5AD5D2518}.Ad-Hoc|x86.Build.0 = Release|Any CPU
		{B445DF73-AC9E-4276-9FBA-7CB5AD5D2518}.AppStore|Any CPU.ActiveCfg = Release|Any CPU
		{B445DF73-AC9E-4276-9FBA-7CB5AD5D2518}.AppStore|Any CPU.Build.0 = Release|Any CPU
		{B445DF73-AC9E-4276-9FBA-7CB5AD5D2518}.AppStore|ARM.ActiveCfg = Release|Any CPU
		{B445DF73-AC9E-4276-9FBA-7CB5AD5D2518}.AppStore|ARM.Build.0 = Release|Any CPU
		{B445DF73-AC9E-4276-9FBA-7CB5AD5D2518}.AppStore|iPhone.ActiveCfg = Release|Any CPU
		{B445DF73-AC9E-4276-9FBA-7CB5AD5D2518}.AppStore|iPhone.Build.0 = Release|Any CPU
		{B445DF73-AC9E-4276-9FBA-7CB5AD5D2518}.AppStore|iPhoneSimulator.ActiveCfg = Release|Any CPU
		{B445DF73-AC9E-4276-9FBA-7CB5AD5D2518}.AppStore|iPhoneSimulator.Build.0 = Release|Any CPU
		{B445DF73-AC9E-4276-9FBA-7CB5AD5D2518}.AppStore|x64.ActiveCfg = Release|Any CPU
		{B445DF73-AC9E-4276-9FBA-7CB5AD5D2518}.AppStore|x64.Build.0 = Release|Any CPU
		{B445DF73-AC9E-4276-9FBA-7CB5AD5D2518}.AppStore|x86.ActiveCfg = Release|Any CPU
		{B445DF73-AC9E-4276-9FBA-7CB5AD5D2518}.AppStore|x86.Build.0 = Release|Any CPU
		{B445DF73-AC9E-4276-9FBA-7CB5AD5D2518}.Debug|Any CPU.ActiveCfg = Debug|Any CPU
		{B445DF73-AC9E-4276-9FBA-7CB5AD5D2518}.Debug|Any CPU.Build.0 = Debug|Any CPU
		{B445DF73-AC9E-4276-9FBA-7CB5AD5D2518}.Debug|ARM.ActiveCfg = Debug|Any CPU
		{B445DF73-AC9E-4276-9FBA-7CB5AD5D2518}.Debug|ARM.Build.0 = Debug|Any CPU
		{B445DF73-AC9E-4276-9FBA-7CB5AD5D2518}.Debug|iPhone.ActiveCfg = Debug|Any CPU
		{B445DF73-AC9E-4276-9FBA-7CB5AD5D2518}.Debug|iPhone.Build.0 = Debug|Any CPU
		{B445DF73-AC9E-4276-9FBA-7CB5AD5D2518}.Debug|iPhoneSimulator.ActiveCfg = Debug|Any CPU
		{B445DF73-AC9E-4276-9FBA-7CB5AD5D2518}.Debug|iPhoneSimulator.Build.0 = Debug|Any CPU
		{B445DF73-AC9E-4276-9FBA-7CB5AD5D2518}.Debug|x64.ActiveCfg = Debug|Any CPU
		{B445DF73-AC9E-4276-9FBA-7CB5AD5D2518}.Debug|x64.Build.0 = Debug|Any CPU
		{B445DF73-AC9E-4276-9FBA-7CB5AD5D2518}.Debug|x86.ActiveCfg = Debug|Any CPU
		{B445DF73-AC9E-4276-9FBA-7CB5AD5D2518}.Debug|x86.Build.0 = Debug|Any CPU
		{B445DF73-AC9E-4276-9FBA-7CB5AD5D2518}.Release|Any CPU.ActiveCfg = Release|Any CPU
		{B445DF73-AC9E-4276-9FBA-7CB5AD5D2518}.Release|Any CPU.Build.0 = Release|Any CPU
		{B445DF73-AC9E-4276-9FBA-7CB5AD5D2518}.Release|ARM.ActiveCfg = Release|Any CPU
		{B445DF73-AC9E-4276-9FBA-7CB5AD5D2518}.Release|ARM.Build.0 = Release|Any CPU
		{B445DF73-AC9E-4276-9FBA-7CB5AD5D2518}.Release|iPhone.ActiveCfg = Release|Any CPU
		{B445DF73-AC9E-4276-9FBA-7CB5AD5D2518}.Release|iPhone.Build.0 = Release|Any CPU
		{B445DF73-AC9E-4276-9FBA-7CB5AD5D2518}.Release|iPhoneSimulator.ActiveCfg = Release|Any CPU
		{B445DF73-AC9E-4276-9FBA-7CB5AD5D2518}.Release|iPhoneSimulator.Build.0 = Release|Any CPU
		{B445DF73-AC9E-4276-9FBA-7CB5AD5D2518}.Release|x64.ActiveCfg = Release|Any CPU
		{B445DF73-AC9E-4276-9FBA-7CB5AD5D2518}.Release|x64.Build.0 = Release|Any CPU
		{B445DF73-AC9E-4276-9FBA-7CB5AD5D2518}.Release|x86.ActiveCfg = Release|Any CPU
		{B445DF73-AC9E-4276-9FBA-7CB5AD5D2518}.Release|x86.Build.0 = Release|Any CPU
	EndGlobalSection
	GlobalSection(SolutionProperties) = preSolution
		HideSolutionNode = FALSE
	EndGlobalSection
	GlobalSection(ExtensibilityGlobals) = postSolution
		SolutionGuid = {F6D05029-56B8-4E45-AF2D-0E76295DDBA2}
	EndGlobalSection
EndGlobal
