
Microsoft Visual Studio Solution File, Format Version 12.00
# Visual Studio 15
VisualStudioVersion = 15.0.27130.2036
MinimumVisualStudioVersion = 10.0.40219.1
Project("{9A19103F-16F7-4668-BE54-9A1E7A4F7556}") = "ProXamTabs", "ProXamTabs\ProXamTabs.csproj", "{56020764-4D2E-4DD5-9C65-053F93442840}"
EndProject
Project("{2150E333-8FDC-42A3-9474-1A3956D46DE8}") = "Sample", "Sample", "{1F8039DA-5204-4D3D-ADEC-7E80142F1F61}"
EndProject
Project("{FAE04EC0-301F-11D3-BF4B-00C04F79EFBC}") = "ProXamTabsSample.Android", "ProXamTabsSample\ProXamTabsSample.Android\ProXamTabsSample.Android.csproj", "{44555DF5-96A0-4BEB-935C-86D54BFD1700}"
EndProject
Project("{FAE04EC0-301F-11D3-BF4B-00C04F79EFBC}") = "ProXamTabsSample.iOS", "ProXamTabsSample\ProXamTabsSample.iOS\ProXamTabsSample.iOS.csproj", "{BA541858-B157-4CF7-B163-3F9DB5BFC28A}"
EndProject
Project("{FAE04EC0-301F-11D3-BF4B-00C04F79EFBC}") = "ProXamTabsSample.UWP", "ProXamTabsSample\ProXamTabsSample.UWP\ProXamTabsSample.UWP.csproj", "{D17EC33E-7CC7-457D-BB60-A2BE80F4F80A}"
EndProject
Project("{FAE04EC0-301F-11D3-BF4B-00C04F79EFBC}") = "ProXamTabsSample", "ProXamTabsSample\ProXamTabsSample\ProXamTabsSample.csproj", "{4630A7BD-E6CE-4A68-86EF-273EE2F3C7D8}"
EndProject
Global
	GlobalSection(SolutionConfigurationPlatforms) = preSolution
		Ad-Hoc|Any CPU = Ad-Hoc|Any CPU
		Ad-Hoc|ARM = Ad-Hoc|ARM
		Ad-Hoc|iPhone = Ad-Hoc|iPhone
		Ad-Hoc|iPhoneSimulator = Ad-Hoc|iPhoneSimulator
		Ad-Hoc|x64 = Ad-Hoc|x64
		Ad-Hoc|x86 = Ad-Hoc|x86
		AppStore|Any CPU = AppStore|Any CPU
		AppStore|ARM = AppStore|ARM
		AppStore|iPhone = AppStore|iPhone
		AppStore|iPhoneSimulator = AppStore|iPhoneSimulator
		AppStore|x64 = AppStore|x64
		AppStore|x86 = AppStore|x86
		Debug|Any CPU = Debug|Any CPU
		Debug|ARM = Debug|ARM
		Debug|iPhone = Debug|iPhone
		Debug|iPhoneSimulator = Debug|iPhoneSimulator
		Debug|x64 = Debug|x64
		Debug|x86 = Debug|x86
		Release|Any CPU = Release|Any CPU
		Release|ARM = Release|ARM
		Release|iPhone = Release|iPhone
		Release|iPhoneSimulator = Release|iPhoneSimulator
		Release|x64 = Release|x64
		Release|x86 = Release|x86
	EndGlobalSection
	GlobalSection(ProjectConfigurationPlatforms) = postSolution
		{56020764-4D2E-4DD5-9C65-053F93442840}.Ad-Hoc|Any CPU.ActiveCfg = Release|Any CPU
		{56020764-4D2E-4DD5-9C65-053F93442840}.Ad-Hoc|Any CPU.Build.0 = Release|Any CPU
		{56020764-4D2E-4DD5-9C65-053F93442840}.Ad-Hoc|ARM.ActiveCfg = Release|Any CPU
		{56020764-4D2E-4DD5-9C65-053F93442840}.Ad-Hoc|ARM.Build.0 = Release|Any CPU
		{56020764-4D2E-4DD5-9C65-053F93442840}.Ad-Hoc|iPhone.ActiveCfg = Release|Any CPU
		{56020764-4D2E-4DD5-9C65-053F93442840}.Ad-Hoc|iPhone.Build.0 = Release|Any CPU
		{56020764-4D2E-4DD5-9C65-053F93442840}.Ad-Hoc|iPhoneSimulator.ActiveCfg = Release|Any CPU
		{56020764-4D2E-4DD5-9C65-053F93442840}.Ad-Hoc|iPhoneSimulator.Build.0 = Release|Any CPU
		{56020764-4D2E-4DD5-9C65-053F93442840}.Ad-Hoc|x64.ActiveCfg = Release|Any CPU
		{56020764-4D2E-4DD5-9C65-053F93442840}.Ad-Hoc|x64.Build.0 = Release|Any CPU
		{56020764-4D2E-4DD5-9C65-053F93442840}.Ad-Hoc|x86.ActiveCfg = Release|Any CPU
		{56020764-4D2E-4DD5-9C65-053F93442840}.Ad-Hoc|x86.Build.0 = Release|Any CPU
		{56020764-4D2E-4DD5-9C65-053F93442840}.AppStore|Any CPU.ActiveCfg = Release|Any CPU
		{56020764-4D2E-4DD5-9C65-053F93442840}.AppStore|Any CPU.Build.0 = Release|Any CPU
		{56020764-4D2E-4DD5-9C65-053F93442840}.AppStore|ARM.ActiveCfg = Release|Any CPU
		{56020764-4D2E-4DD5-9C65-053F93442840}.AppStore|ARM.Build.0 = Release|Any CPU
		{56020764-4D2E-4DD5-9C65-053F93442840}.AppStore|iPhone.ActiveCfg = Release|Any CPU
		{56020764-4D2E-4DD5-9C65-053F93442840}.AppStore|iPhone.Build.0 = Release|Any CPU
		{56020764-4D2E-4DD5-9C65-053F93442840}.AppStore|iPhoneSimulator.ActiveCfg = Release|Any CPU
		{56020764-4D2E-4DD5-9C65-053F93442840}.AppStore|iPhoneSimulator.Build.0 = Release|Any CPU
		{56020764-4D2E-4DD5-9C65-053F93442840}.AppStore|x64.ActiveCfg = Release|Any CPU
		{56020764-4D2E-4DD5-9C65-053F93442840}.AppStore|x64.Build.0 = Release|Any CPU
		{56020764-4D2E-4DD5-9C65-053F93442840}.AppStore|x86.ActiveCfg = Release|Any CPU
		{56020764-4D2E-4DD5-9C65-053F93442840}.AppStore|x86.Build.0 = Release|Any CPU
		{56020764-4D2E-4DD5-9C65-053F93442840}.Debug|Any CPU.ActiveCfg = Debug|Any CPU
		{56020764-4D2E-4DD5-9C65-053F93442840}.Debug|Any CPU.Build.0 = Debug|Any CPU
		{56020764-4D2E-4DD5-9C65-053F93442840}.Debug|ARM.ActiveCfg = Debug|Any CPU
		{56020764-4D2E-4DD5-9C65-053F93442840}.Debug|ARM.Build.0 = Debug|Any CPU
		{56020764-4D2E-4DD5-9C65-053F93442840}.Debug|iPhone.ActiveCfg = Debug|Any CPU
		{56020764-4D2E-4DD5-9C65-053F93442840}.Debug|iPhone.Build.0 = Debug|Any CPU
		{56020764-4D2E-4DD5-9C65-053F93442840}.Debug|iPhoneSimulator.ActiveCfg = Debug|Any CPU
		{56020764-4D2E-4DD5-9C65-053F93442840}.Debug|iPhoneSimulator.Build.0 = Debug|Any CPU
		{56020764-4D2E-4DD5-9C65-053F93442840}.Debug|x64.ActiveCfg = Debug|Any CPU
		{56020764-4D2E-4DD5-9C65-053F93442840}.Debug|x64.Build.0 = Debug|Any CPU
		{56020764-4D2E-4DD5-9C65-053F93442840}.Debug|x86.ActiveCfg = Debug|Any CPU
		{56020764-4D2E-4DD5-9C65-053F93442840}.Debug|x86.Build.0 = Debug|Any CPU
		{56020764-4D2E-4DD5-9C65-053F93442840}.Release|Any CPU.ActiveCfg = Release|Any CPU
		{56020764-4D2E-4DD5-9C65-053F93442840}.Release|Any CPU.Build.0 = Release|Any CPU
		{56020764-4D2E-4DD5-9C65-053F93442840}.Release|ARM.ActiveCfg = Release|Any CPU
		{56020764-4D2E-4DD5-9C65-053F93442840}.Release|ARM.Build.0 = Release|Any CPU
		{56020764-4D2E-4DD5-9C65-053F93442840}.Release|iPhone.ActiveCfg = Release|Any CPU
		{56020764-4D2E-4DD5-9C65-053F93442840}.Release|iPhone.Build.0 = Release|Any CPU
		{56020764-4D2E-4DD5-9C65-053F93442840}.Release|iPhoneSimulator.ActiveCfg = Release|Any CPU
		{56020764-4D2E-4DD5-9C65-053F93442840}.Release|iPhoneSimulator.Build.0 = Release|Any CPU
		{56020764-4D2E-4DD5-9C65-053F93442840}.Release|x64.ActiveCfg = Release|Any CPU
		{56020764-4D2E-4DD5-9C65-053F93442840}.Release|x64.Build.0 = Release|Any CPU
		{56020764-4D2E-4DD5-9C65-053F93442840}.Release|x86.ActiveCfg = Release|Any CPU
		{56020764-4D2E-4DD5-9C65-053F93442840}.Release|x86.Build.0 = Release|Any CPU
		{44555DF5-96A0-4BEB-935C-86D54BFD1700}.Ad-Hoc|Any CPU.ActiveCfg = Release|Any CPU
		{44555DF5-96A0-4BEB-935C-86D54BFD1700}.Ad-Hoc|Any CPU.Build.0 = Release|Any CPU
		{44555DF5-96A0-4BEB-935C-86D54BFD1700}.Ad-Hoc|Any CPU.Deploy.0 = Release|Any CPU
		{44555DF5-96A0-4BEB-935C-86D54BFD1700}.Ad-Hoc|ARM.ActiveCfg = Release|Any CPU
		{44555DF5-96A0-4BEB-935C-86D54BFD1700}.Ad-Hoc|ARM.Build.0 = Release|Any CPU
		{44555DF5-96A0-4BEB-935C-86D54BFD1700}.Ad-Hoc|ARM.Deploy.0 = Release|Any CPU
		{44555DF5-96A0-4BEB-935C-86D54BFD1700}.Ad-Hoc|iPhone.ActiveCfg = Release|Any CPU
		{44555DF5-96A0-4BEB-935C-86D54BFD1700}.Ad-Hoc|iPhone.Build.0 = Release|Any CPU
		{44555DF5-96A0-4BEB-935C-86D54BFD1700}.Ad-Hoc|iPhone.Deploy.0 = Release|Any CPU
		{44555DF5-96A0-4BEB-935C-86D54BFD1700}.Ad-Hoc|iPhoneSimulator.ActiveCfg = Release|Any CPU
		{44555DF5-96A0-4BEB-935C-86D54BFD1700}.Ad-Hoc|iPhoneSimulator.Build.0 = Release|Any CPU
		{44555DF5-96A0-4BEB-935C-86D54BFD1700}.Ad-Hoc|iPhoneSimulator.Deploy.0 = Release|Any CPU
		{44555DF5-96A0-4BEB-935C-86D54BFD1700}.Ad-Hoc|x64.ActiveCfg = Release|Any CPU
		{44555DF5-96A0-4BEB-935C-86D54BFD1700}.Ad-Hoc|x64.Build.0 = Release|Any CPU
		{44555DF5-96A0-4BEB-935C-86D54BFD1700}.Ad-Hoc|x64.Deploy.0 = Release|Any CPU
		{44555DF5-96A0-4BEB-935C-86D54BFD1700}.Ad-Hoc|x86.ActiveCfg = Release|Any CPU
		{44555DF5-96A0-4BEB-935C-86D54BFD1700}.Ad-Hoc|x86.Build.0 = Release|Any CPU
		{44555DF5-96A0-4BEB-935C-86D54BFD1700}.Ad-Hoc|x86.Deploy.0 = Release|Any CPU
		{44555DF5-96A0-4BEB-935C-86D54BFD1700}.AppStore|Any CPU.ActiveCfg = Release|Any CPU
		{44555DF5-96A0-4BEB-935C-86D54BFD1700}.AppStore|Any CPU.Build.0 = Release|Any CPU
		{44555DF5-96A0-4BEB-935C-86D54BFD1700}.AppStore|Any CPU.Deploy.0 = Release|Any CPU
		{44555DF5-96A0-4BEB-935C-86D54BFD1700}.AppStore|ARM.ActiveCfg = Release|Any CPU
		{44555DF5-96A0-4BEB-935C-86D54BFD1700}.AppStore|ARM.Build.0 = Release|Any CPU
		{44555DF5-96A0-4BEB-935C-86D54BFD1700}.AppStore|ARM.Deploy.0 = Release|Any CPU
		{44555DF5-96A0-4BEB-935C-86D54BFD1700}.AppStore|iPhone.ActiveCfg = Release|Any CPU
		{44555DF5-96A0-4BEB-935C-86D54BFD1700}.AppStore|iPhone.Build.0 = Release|Any CPU
		{44555DF5-96A0-4BEB-935C-86D54BFD1700}.AppStore|iPhone.Deploy.0 = Release|Any CPU
		{44555DF5-96A0-4BEB-935C-86D54BFD1700}.AppStore|iPhoneSimulator.ActiveCfg = Release|Any CPU
		{44555DF5-96A0-4BEB-935C-86D54BFD1700}.AppStore|iPhoneSimulator.Build.0 = Release|Any CPU
		{44555DF5-96A0-4BEB-935C-86D54BFD1700}.AppStore|iPhoneSimulator.Deploy.0 = Release|Any CPU
		{44555DF5-96A0-4BEB-935C-86D54BFD1700}.AppStore|x64.ActiveCfg = Release|Any CPU
		{44555DF5-96A0-4BEB-935C-86D54BFD1700}.AppStore|x64.Build.0 = Release|Any CPU
		{44555DF5-96A0-4BEB-935C-86D54BFD1700}.AppStore|x64.Deploy.0 = Release|Any CPU
		{44555DF5-96A0-4BEB-935C-86D54BFD1700}.AppStore|x86.ActiveCfg = Release|Any CPU
		{44555DF5-96A0-4BEB-935C-86D54BFD1700}.AppStore|x86.Build.0 = Release|Any CPU
		{44555DF5-96A0-4BEB-935C-86D54BFD1700}.AppStore|x86.Deploy.0 = Release|Any CPU
		{44555DF5-96A0-4BEB-935C-86D54BFD1700}.Debug|Any CPU.ActiveCfg = Debug|Any CPU
		{44555DF5-96A0-4BEB-935C-86D54BFD1700}.Debug|Any CPU.Build.0 = Debug|Any CPU
		{44555DF5-96A0-4BEB-935C-86D54BFD1700}.Debug|Any CPU.Deploy.0 = Debug|Any CPU
		{44555DF5-96A0-4BEB-935C-86D54BFD1700}.Debug|ARM.ActiveCfg = Debug|Any CPU
		{44555DF5-96A0-4BEB-935C-86D54BFD1700}.Debug|ARM.Build.0 = Debug|Any CPU
		{44555DF5-96A0-4BEB-935C-86D54BFD1700}.Debug|ARM.Deploy.0 = Debug|Any CPU
		{44555DF5-96A0-4BEB-935C-86D54BFD1700}.Debug|iPhone.ActiveCfg = Debug|Any CPU
		{44555DF5-96A0-4BEB-935C-86D54BFD1700}.Debug|iPhone.Build.0 = Debug|Any CPU
		{44555DF5-96A0-4BEB-935C-86D54BFD1700}.Debug|iPhone.Deploy.0 = Debug|Any CPU
		{44555DF5-96A0-4BEB-935C-86D54BFD1700}.Debug|iPhoneSimulator.ActiveCfg = Debug|Any CPU
		{44555DF5-96A0-4BEB-935C-86D54BFD1700}.Debug|iPhoneSimulator.Build.0 = Debug|Any CPU
		{44555DF5-96A0-4BEB-935C-86D54BFD1700}.Debug|iPhoneSimulator.Deploy.0 = Debug|Any CPU
		{44555DF5-96A0-4BEB-935C-86D54BFD1700}.Debug|x64.ActiveCfg = Debug|Any CPU
		{44555DF5-96A0-4BEB-935C-86D54BFD1700}.Debug|x64.Build.0 = Debug|Any CPU
		{44555DF5-96A0-4BEB-935C-86D54BFD1700}.Debug|x64.Deploy.0 = Debug|Any CPU
		{44555DF5-96A0-4BEB-935C-86D54BFD1700}.Debug|x86.ActiveCfg = Debug|Any CPU
		{44555DF5-96A0-4BEB-935C-86D54BFD1700}.Debug|x86.Build.0 = Debug|Any CPU
		{44555DF5-96A0-4BEB-935C-86D54BFD1700}.Debug|x86.Deploy.0 = Debug|Any CPU
		{44555DF5-96A0-4BEB-935C-86D54BFD1700}.Release|Any CPU.ActiveCfg = Release|Any CPU
		{44555DF5-96A0-4BEB-935C-86D54BFD1700}.Release|Any CPU.Build.0 = Release|Any CPU
		{44555DF5-96A0-4BEB-935C-86D54BFD1700}.Release|Any CPU.Deploy.0 = Release|Any CPU
		{44555DF5-96A0-4BEB-935C-86D54BFD1700}.Release|ARM.ActiveCfg = Release|Any CPU
		{44555DF5-96A0-4BEB-935C-86D54BFD1700}.Release|ARM.Build.0 = Release|Any CPU
		{44555DF5-96A0-4BEB-935C-86D54BFD1700}.Release|ARM.Deploy.0 = Release|Any CPU
		{44555DF5-96A0-4BEB-935C-86D54BFD1700}.Release|iPhone.ActiveCfg = Release|Any CPU
		{44555DF5-96A0-4BEB-935C-86D54BFD1700}.Release|iPhone.Build.0 = Release|Any CPU
		{44555DF5-96A0-4BEB-935C-86D54BFD1700}.Release|iPhone.Deploy.0 = Release|Any CPU
		{44555DF5-96A0-4BEB-935C-86D54BFD1700}.Release|iPhoneSimulator.ActiveCfg = Release|Any CPU
		{44555DF5-96A0-4BEB-935C-86D54BFD1700}.Release|iPhoneSimulator.Build.0 = Release|Any CPU
		{44555DF5-96A0-4BEB-935C-86D54BFD1700}.Release|iPhoneSimulator.Deploy.0 = Release|Any CPU
		{44555DF5-96A0-4BEB-935C-86D54BFD1700}.Release|x64.ActiveCfg = Release|Any CPU
		{44555DF5-96A0-4BEB-935C-86D54BFD1700}.Release|x64.Build.0 = Release|Any CPU
		{44555DF5-96A0-4BEB-935C-86D54BFD1700}.Release|x64.Deploy.0 = Release|Any CPU
		{44555DF5-96A0-4BEB-935C-86D54BFD1700}.Release|x86.ActiveCfg = Release|Any CPU
		{44555DF5-96A0-4BEB-935C-86D54BFD1700}.Release|x86.Build.0 = Release|Any CPU
		{44555DF5-96A0-4BEB-935C-86D54BFD1700}.Release|x86.Deploy.0 = Release|Any CPU
		{BA541858-B157-4CF7-B163-3F9DB5BFC28A}.Ad-Hoc|Any CPU.ActiveCfg = Ad-Hoc|iPhone
		{BA541858-B157-4CF7-B163-3F9DB5BFC28A}.Ad-Hoc|ARM.ActiveCfg = Ad-Hoc|iPhone
		{BA541858-B157-4CF7-B163-3F9DB5BFC28A}.Ad-Hoc|iPhone.ActiveCfg = Ad-Hoc|iPhone
		{BA541858-B157-4CF7-B163-3F9DB5BFC28A}.Ad-Hoc|iPhone.Build.0 = Ad-Hoc|iPhone
		{BA541858-B157-4CF7-B163-3F9DB5BFC28A}.Ad-Hoc|iPhoneSimulator.ActiveCfg = Ad-Hoc|iPhoneSimulator
		{BA541858-B157-4CF7-B163-3F9DB5BFC28A}.Ad-Hoc|iPhoneSimulator.Build.0 = Ad-Hoc|iPhoneSimulator
		{BA541858-B157-4CF7-B163-3F9DB5BFC28A}.Ad-Hoc|x64.ActiveCfg = Ad-Hoc|iPhone
		{BA541858-B157-4CF7-B163-3F9DB5BFC28A}.Ad-Hoc|x86.ActiveCfg = Ad-Hoc|iPhone
		{BA541858-B157-4CF7-B163-3F9DB5BFC28A}.AppStore|Any CPU.ActiveCfg = AppStore|iPhone
		{BA541858-B157-4CF7-B163-3F9DB5BFC28A}.AppStore|ARM.ActiveCfg = AppStore|iPhone
		{BA541858-B157-4CF7-B163-3F9DB5BFC28A}.AppStore|iPhone.ActiveCfg = AppStore|iPhone
		{BA541858-B157-4CF7-B163-3F9DB5BFC28A}.AppStore|iPhone.Build.0 = AppStore|iPhone
		{BA541858-B157-4CF7-B163-3F9DB5BFC28A}.AppStore|iPhoneSimulator.ActiveCfg = AppStore|iPhoneSimulator
		{BA541858-B157-4CF7-B163-3F9DB5BFC28A}.AppStore|iPhoneSimulator.Build.0 = AppStore|iPhoneSimulator
		{BA541858-B157-4CF7-B163-3F9DB5BFC28A}.AppStore|x64.ActiveCfg = AppStore|iPhone
		{BA541858-B157-4CF7-B163-3F9DB5BFC28A}.AppStore|x86.ActiveCfg = AppStore|iPhone
		{BA541858-B157-4CF7-B163-3F9DB5BFC28A}.Debug|Any CPU.ActiveCfg = Debug|iPhone
		{BA541858-B157-4CF7-B163-3F9DB5BFC28A}.Debug|ARM.ActiveCfg = Debug|iPhone
		{BA541858-B157-4CF7-B163-3F9DB5BFC28A}.Debug|iPhone.ActiveCfg = Debug|iPhone
		{BA541858-B157-4CF7-B163-3F9DB5BFC28A}.Debug|iPhone.Build.0 = Debug|iPhone
		{BA541858-B157-4CF7-B163-3F9DB5BFC28A}.Debug|iPhoneSimulator.ActiveCfg = Debug|iPhoneSimulator
		{BA541858-B157-4CF7-B163-3F9DB5BFC28A}.Debug|iPhoneSimulator.Build.0 = Debug|iPhoneSimulator
		{BA541858-B157-4CF7-B163-3F9DB5BFC28A}.Debug|x64.ActiveCfg = Debug|iPhone
		{BA541858-B157-4CF7-B163-3F9DB5BFC28A}.Debug|x86.ActiveCfg = Debug|iPhone
		{BA541858-B157-4CF7-B163-3F9DB5BFC28A}.Release|Any CPU.ActiveCfg = Release|iPhone
		{BA541858-B157-4CF7-B163-3F9DB5BFC28A}.Release|ARM.ActiveCfg = Release|iPhone
		{BA541858-B157-4CF7-B163-3F9DB5BFC28A}.Release|iPhone.ActiveCfg = Release|iPhone
		{BA541858-B157-4CF7-B163-3F9DB5BFC28A}.Release|iPhone.Build.0 = Release|iPhone
		{BA541858-B157-4CF7-B163-3F9DB5BFC28A}.Release|iPhoneSimulator.ActiveCfg = Release|iPhoneSimulator
		{BA541858-B157-4CF7-B163-3F9DB5BFC28A}.Release|iPhoneSimulator.Build.0 = Release|iPhoneSimulator
		{BA541858-B157-4CF7-B163-3F9DB5BFC28A}.Release|x64.ActiveCfg = Release|iPhone
		{BA541858-B157-4CF7-B163-3F9DB5BFC28A}.Release|x86.ActiveCfg = Release|iPhone
		{D17EC33E-7CC7-457D-BB60-A2BE80F4F80A}.Ad-Hoc|Any CPU.ActiveCfg = Release|x86
		{D17EC33E-7CC7-457D-BB60-A2BE80F4F80A}.Ad-Hoc|Any CPU.Build.0 = Release|x86
		{D17EC33E-7CC7-457D-BB60-A2BE80F4F80A}.Ad-Hoc|Any CPU.Deploy.0 = Release|x86
		{D17EC33E-7CC7-457D-BB60-A2BE80F4F80A}.Ad-Hoc|ARM.ActiveCfg = Release|ARM
		{D17EC33E-7CC7-457D-BB60-A2BE80F4F80A}.Ad-Hoc|ARM.Build.0 = Release|ARM
		{D17EC33E-7CC7-457D-BB60-A2BE80F4F80A}.Ad-Hoc|ARM.Deploy.0 = Release|ARM
		{D17EC33E-7CC7-457D-BB60-A2BE80F4F80A}.Ad-Hoc|iPhone.ActiveCfg = Release|x86
		{D17EC33E-7CC7-457D-BB60-A2BE80F4F80A}.Ad-Hoc|iPhone.Build.0 = Release|x86
		{D17EC33E-7CC7-457D-BB60-A2BE80F4F80A}.Ad-Hoc|iPhone.Deploy.0 = Release|x86
		{D17EC33E-7CC7-457D-BB60-A2BE80F4F80A}.Ad-Hoc|iPhoneSimulator.ActiveCfg = Release|x86
		{D17EC33E-7CC7-457D-BB60-A2BE80F4F80A}.Ad-Hoc|iPhoneSimulator.Build.0 = Release|x86
		{D17EC33E-7CC7-457D-BB60-A2BE80F4F80A}.Ad-Hoc|iPhoneSimulator.Deploy.0 = Release|x86
		{D17EC33E-7CC7-457D-BB60-A2BE80F4F80A}.Ad-Hoc|x64.ActiveCfg = Release|x64
		{D17EC33E-7CC7-457D-BB60-A2BE80F4F80A}.Ad-Hoc|x64.Build.0 = Release|x64
		{D17EC33E-7CC7-457D-BB60-A2BE80F4F80A}.Ad-Hoc|x64.Deploy.0 = Release|x64
		{D17EC33E-7CC7-457D-BB60-A2BE80F4F80A}.Ad-Hoc|x86.ActiveCfg = Release|x86
		{D17EC33E-7CC7-457D-BB60-A2BE80F4F80A}.Ad-Hoc|x86.Build.0 = Release|x86
		{D17EC33E-7CC7-457D-BB60-A2BE80F4F80A}.Ad-Hoc|x86.Deploy.0 = Release|x86
		{D17EC33E-7CC7-457D-BB60-A2BE80F4F80A}.AppStore|Any CPU.ActiveCfg = Release|x86
		{D17EC33E-7CC7-457D-BB60-A2BE80F4F80A}.AppStore|Any CPU.Build.0 = Release|x86
		{D17EC33E-7CC7-457D-BB60-A2BE80F4F80A}.AppStore|Any CPU.Deploy.0 = Release|x86
		{D17EC33E-7CC7-457D-BB60-A2BE80F4F80A}.AppStore|ARM.ActiveCfg = Release|ARM
		{D17EC33E-7CC7-457D-BB60-A2BE80F4F80A}.AppStore|ARM.Build.0 = Release|ARM
		{D17EC33E-7CC7-457D-BB60-A2BE80F4F80A}.AppStore|ARM.Deploy.0 = Release|ARM
		{D17EC33E-7CC7-457D-BB60-A2BE80F4F80A}.AppStore|iPhone.ActiveCfg = Release|x86
		{D17EC33E-7CC7-457D-BB60-A2BE80F4F80A}.AppStore|iPhone.Build.0 = Release|x86
		{D17EC33E-7CC7-457D-BB60-A2BE80F4F80A}.AppStore|iPhone.Deploy.0 = Release|x86
		{D17EC33E-7CC7-457D-BB60-A2BE80F4F80A}.AppStore|iPhoneSimulator.ActiveCfg = Release|x86
		{D17EC33E-7CC7-457D-BB60-A2BE80F4F80A}.AppStore|iPhoneSimulator.Build.0 = Release|x86
		{D17EC33E-7CC7-457D-BB60-A2BE80F4F80A}.AppStore|iPhoneSimulator.Deploy.0 = Release|x86
		{D17EC33E-7CC7-457D-BB60-A2BE80F4F80A}.AppStore|x64.ActiveCfg = Release|x64
		{D17EC33E-7CC7-457D-BB60-A2BE80F4F80A}.AppStore|x64.Build.0 = Release|x64
		{D17EC33E-7CC7-457D-BB60-A2BE80F4F80A}.AppStore|x64.Deploy.0 = Release|x64
		{D17EC33E-7CC7-457D-BB60-A2BE80F4F80A}.AppStore|x86.ActiveCfg = Release|x86
		{D17EC33E-7CC7-457D-BB60-A2BE80F4F80A}.AppStore|x86.Build.0 = Release|x86
		{D17EC33E-7CC7-457D-BB60-A2BE80F4F80A}.AppStore|x86.Deploy.0 = Release|x86
		{D17EC33E-7CC7-457D-BB60-A2BE80F4F80A}.Debug|Any CPU.ActiveCfg = Debug|x86
		{D17EC33E-7CC7-457D-BB60-A2BE80F4F80A}.Debug|ARM.ActiveCfg = Debug|ARM
		{D17EC33E-7CC7-457D-BB60-A2BE80F4F80A}.Debug|ARM.Build.0 = Debug|ARM
		{D17EC33E-7CC7-457D-BB60-A2BE80F4F80A}.Debug|ARM.Deploy.0 = Debug|ARM
		{D17EC33E-7CC7-457D-BB60-A2BE80F4F80A}.Debug|iPhone.ActiveCfg = Debug|x86
		{D17EC33E-7CC7-457D-BB60-A2BE80F4F80A}.Debug|iPhoneSimulator.ActiveCfg = Debug|x86
		{D17EC33E-7CC7-457D-BB60-A2BE80F4F80A}.Debug|x64.ActiveCfg = Debug|x64
		{D17EC33E-7CC7-457D-BB60-A2BE80F4F80A}.Debug|x64.Build.0 = Debug|x64
		{D17EC33E-7CC7-457D-BB60-A2BE80F4F80A}.Debug|x64.Deploy.0 = Debug|x64
		{D17EC33E-7CC7-457D-BB60-A2BE80F4F80A}.Debug|x86.ActiveCfg = Debug|x86
		{D17EC33E-7CC7-457D-BB60-A2BE80F4F80A}.Debug|x86.Build.0 = Debug|x86
		{D17EC33E-7CC7-457D-BB60-A2BE80F4F80A}.Debug|x86.Deploy.0 = Debug|x86
		{D17EC33E-7CC7-457D-BB60-A2BE80F4F80A}.Release|Any CPU.ActiveCfg = Release|x86
		{D17EC33E-7CC7-457D-BB60-A2BE80F4F80A}.Release|ARM.ActiveCfg = Release|ARM
		{D17EC33E-7CC7-457D-BB60-A2BE80F4F80A}.Release|ARM.Build.0 = Release|ARM
		{D17EC33E-7CC7-457D-BB60-A2BE80F4F80A}.Release|ARM.Deploy.0 = Release|ARM
		{D17EC33E-7CC7-457D-BB60-A2BE80F4F80A}.Release|iPhone.ActiveCfg = Release|x86
		{D17EC33E-7CC7-457D-BB60-A2BE80F4F80A}.Release|iPhoneSimulator.ActiveCfg = Release|x86
		{D17EC33E-7CC7-457D-BB60-A2BE80F4F80A}.Release|x64.ActiveCfg = Release|x64
		{D17EC33E-7CC7-457D-BB60-A2BE80F4F80A}.Release|x64.Build.0 = Release|x64
		{D17EC33E-7CC7-457D-BB60-A2BE80F4F80A}.Release|x64.Deploy.0 = Release|x64
		{D17EC33E-7CC7-457D-BB60-A2BE80F4F80A}.Release|x86.ActiveCfg = Release|x86
		{D17EC33E-7CC7-457D-BB60-A2BE80F4F80A}.Release|x86.Build.0 = Release|x86
		{D17EC33E-7CC7-457D-BB60-A2BE80F4F80A}.Release|x86.Deploy.0 = Release|x86
		{4630A7BD-E6CE-4A68-86EF-273EE2F3C7D8}.Ad-Hoc|Any CPU.ActiveCfg = Debug|Any CPU
		{4630A7BD-E6CE-4A68-86EF-273EE2F3C7D8}.Ad-Hoc|Any CPU.Build.0 = Debug|Any CPU
		{4630A7BD-E6CE-4A68-86EF-273EE2F3C7D8}.Ad-Hoc|ARM.ActiveCfg = Debug|Any CPU
		{4630A7BD-E6CE-4A68-86EF-273EE2F3C7D8}.Ad-Hoc|ARM.Build.0 = Debug|Any CPU
		{4630A7BD-E6CE-4A68-86EF-273EE2F3C7D8}.Ad-Hoc|iPhone.ActiveCfg = Debug|Any CPU
		{4630A7BD-E6CE-4A68-86EF-273EE2F3C7D8}.Ad-Hoc|iPhone.Build.0 = Debug|Any CPU
		{4630A7BD-E6CE-4A68-86EF-273EE2F3C7D8}.Ad-Hoc|iPhoneSimulator.ActiveCfg = Debug|Any CPU
		{4630A7BD-E6CE-4A68-86EF-273EE2F3C7D8}.Ad-Hoc|iPhoneSimulator.Build.0 = Debug|Any CPU
		{4630A7BD-E6CE-4A68-86EF-273EE2F3C7D8}.Ad-Hoc|x64.ActiveCfg = Debug|Any CPU
		{4630A7BD-E6CE-4A68-86EF-273EE2F3C7D8}.Ad-Hoc|x64.Build.0 = Debug|Any CPU
		{4630A7BD-E6CE-4A68-86EF-273EE2F3C7D8}.Ad-Hoc|x86.ActiveCfg = Debug|Any CPU
		{4630A7BD-E6CE-4A68-86EF-273EE2F3C7D8}.Ad-Hoc|x86.Build.0 = Debug|Any CPU
		{4630A7BD-E6CE-4A68-86EF-273EE2F3C7D8}.AppStore|Any CPU.ActiveCfg = Debug|Any CPU
		{4630A7BD-E6CE-4A68-86EF-273EE2F3C7D8}.AppStore|Any CPU.Build.0 = Debug|Any CPU
		{4630A7BD-E6CE-4A68-86EF-273EE2F3C7D8}.AppStore|ARM.ActiveCfg = Debug|Any CPU
		{4630A7BD-E6CE-4A68-86EF-273EE2F3C7D8}.AppStore|ARM.Build.0 = Debug|Any CPU
		{4630A7BD-E6CE-4A68-86EF-273EE2F3C7D8}.AppStore|iPhone.ActiveCfg = Debug|Any CPU
		{4630A7BD-E6CE-4A68-86EF-273EE2F3C7D8}.AppStore|iPhone.Build.0 = Debug|Any CPU
		{4630A7BD-E6CE-4A68-86EF-273EE2F3C7D8}.AppStore|iPhoneSimulator.ActiveCfg = Debug|Any CPU
		{4630A7BD-E6CE-4A68-86EF-273EE2F3C7D8}.AppStore|iPhoneSimulator.Build.0 = Debug|Any CPU
		{4630A7BD-E6CE-4A68-86EF-273EE2F3C7D8}.AppStore|x64.ActiveCfg = Debug|Any CPU
		{4630A7BD-E6CE-4A68-86EF-273EE2F3C7D8}.AppStore|x64.Build.0 = Debug|Any CPU
		{4630A7BD-E6CE-4A68-86EF-273EE2F3C7D8}.AppStore|x86.ActiveCfg = Debug|Any CPU
		{4630A7BD-E6CE-4A68-86EF-273EE2F3C7D8}.AppStore|x86.Build.0 = Debug|Any CPU
		{4630A7BD-E6CE-4A68-86EF-273EE2F3C7D8}.Debug|Any CPU.ActiveCfg = Debug|Any CPU
		{4630A7BD-E6CE-4A68-86EF-273EE2F3C7D8}.Debug|Any CPU.Build.0 = Debug|Any CPU
		{4630A7BD-E6CE-4A68-86EF-273EE2F3C7D8}.Debug|ARM.ActiveCfg = Debug|Any CPU
		{4630A7BD-E6CE-4A68-86EF-273EE2F3C7D8}.Debug|ARM.Build.0 = Debug|Any CPU
		{4630A7BD-E6CE-4A68-86EF-273EE2F3C7D8}.Debug|iPhone.ActiveCfg = Debug|Any CPU
		{4630A7BD-E6CE-4A68-86EF-273EE2F3C7D8}.Debug|iPhone.Build.0 = Debug|Any CPU
		{4630A7BD-E6CE-4A68-86EF-273EE2F3C7D8}.Debug|iPhoneSimulator.ActiveCfg = Debug|Any CPU
		{4630A7BD-E6CE-4A68-86EF-273EE2F3C7D8}.Debug|iPhoneSimulator.Build.0 = Debug|Any CPU
		{4630A7BD-E6CE-4A68-86EF-273EE2F3C7D8}.Debug|x64.ActiveCfg = Debug|Any CPU
		{4630A7BD-E6CE-4A68-86EF-273EE2F3C7D8}.Debug|x64.Build.0 = Debug|Any CPU
		{4630A7BD-E6CE-4A68-86EF-273EE2F3C7D8}.Debug|x86.ActiveCfg = Debug|Any CPU
		{4630A7BD-E6CE-4A68-86EF-273EE2F3C7D8}.Debug|x86.Build.0 = Debug|Any CPU
		{4630A7BD-E6CE-4A68-86EF-273EE2F3C7D8}.Release|Any CPU.ActiveCfg = Release|Any CPU
		{4630A7BD-E6CE-4A68-86EF-273EE2F3C7D8}.Release|Any CPU.Build.0 = Release|Any CPU
		{4630A7BD-E6CE-4A68-86EF-273EE2F3C7D8}.Release|ARM.ActiveCfg = Release|Any CPU
		{4630A7BD-E6CE-4A68-86EF-273EE2F3C7D8}.Release|ARM.Build.0 = Release|Any CPU
		{4630A7BD-E6CE-4A68-86EF-273EE2F3C7D8}.Release|iPhone.ActiveCfg = Release|Any CPU
		{4630A7BD-E6CE-4A68-86EF-273EE2F3C7D8}.Release|iPhone.Build.0 = Release|Any CPU
		{4630A7BD-E6CE-4A68-86EF-273EE2F3C7D8}.Release|iPhoneSimulator.ActiveCfg = Release|Any CPU
		{4630A7BD-E6CE-4A68-86EF-273EE2F3C7D8}.Release|iPhoneSimulator.Build.0 = Release|Any CPU
		{4630A7BD-E6CE-4A68-86EF-273EE2F3C7D8}.Release|x64.ActiveCfg = Release|Any CPU
		{4630A7BD-E6CE-4A68-86EF-273EE2F3C7D8}.Release|x64.Build.0 = Release|Any CPU
		{4630A7BD-E6CE-4A68-86EF-273EE2F3C7D8}.Release|x86.ActiveCfg = Release|Any CPU
		{4630A7BD-E6CE-4A68-86EF-273EE2F3C7D8}.Release|x86.Build.0 = Release|Any CPU
	EndGlobalSection
	GlobalSection(SolutionProperties) = preSolution
		HideSolutionNode = FALSE
	EndGlobalSection
	GlobalSection(NestedProjects) = preSolution
		{44555DF5-96A0-4BEB-935C-86D54BFD1700} = {1F8039DA-5204-4D3D-ADEC-7E80142F1F61}
		{BA541858-B157-4CF7-B163-3F9DB5BFC28A} = {1F8039DA-5204-4D3D-ADEC-7E80142F1F61}
		{D17EC33E-7CC7-457D-BB60-A2BE80F4F80A} = {1F8039DA-5204-4D3D-ADEC-7E80142F1F61}
		{4630A7BD-E6CE-4A68-86EF-273EE2F3C7D8} = {1F8039DA-5204-4D3D-ADEC-7E80142F1F61}
	EndGlobalSection
	GlobalSection(ExtensibilityGlobals) = postSolution
		SolutionGuid = {1D1B2029-5BED-46A4-8328-8A8DE63B9CEF}
	EndGlobalSection
EndGlobal
