
Microsoft Visual Studio Solution File, Format Version 12.00
# Visual Studio 2012
Project("{FAE04EC0-301F-11D3-BF4B-00C04F79EFBC}") = "PXTabs.Sample", "PXTabs.Sample\PXTabs.Sample.csproj", "{05AE964B-0035-4155-A260-F8D9EAEA0D42}"
EndProject
Project("{FAE04EC0-301F-11D3-BF4B-00C04F79EFBC}") = "PXTabs.Sample.iOS", "iOS\PXTabs.Sample.iOS.csproj", "{CEB6312E-0DF9-4CD2-849F-D60622650CE2}"
EndProject
Project("{FAE04EC0-301F-11D3-BF4B-00C04F79EFBC}") = "PXTabs.Sample.Droid", "Droid\PXTabs.Sample.Droid.csproj", "{10CAA279-315E-43B1-A4DB-0D1FAD10144D}"
EndProject
Project("{FAE04EC0-301F-11D3-BF4B-00C04F79EFBC}") = "PXTabs", "PXTabs\PXTabs.csproj", "{0520ACB6-AC90-4A3D-A597-1ABC3ED930F5}"
EndProject
Global
	GlobalSection(SolutionConfigurationPlatforms) = preSolution
		Debug|Any CPU = Debug|Any CPU
		Release|Any CPU = Release|Any CPU
		Debug|iPhoneSimulator = Debug|iPhoneSimulator
		Release|iPhone = Release|iPhone
		Release|iPhoneSimulator = Release|iPhoneSimulator
		Debug|iPhone = Debug|iPhone
	EndGlobalSection
	GlobalSection(ProjectConfigurationPlatforms) = postSolution
		{05AE964B-0035-4155-A260-F8D9EAEA0D42}.Debug|Any CPU.ActiveCfg = Debug|Any CPU
		{05AE964B-0035-4155-A260-F8D9EAEA0D42}.Debug|Any CPU.Build.0 = Debug|Any CPU
		{05AE964B-0035-4155-A260-F8D9EAEA0D42}.Release|Any CPU.ActiveCfg = Release|Any CPU
		{05AE964B-0035-4155-A260-F8D9EAEA0D42}.Release|Any CPU.Build.0 = Release|Any CPU
		{05AE964B-0035-4155-A260-F8D9EAEA0D42}.Debug|iPhoneSimulator.ActiveCfg = Debug|Any CPU
		{05AE964B-0035-4155-A260-F8D9EAEA0D42}.Debug|iPhoneSimulator.Build.0 = Debug|Any CPU
		{05AE964B-0035-4155-A260-F8D9EAEA0D42}.Release|iPhone.ActiveCfg = Release|Any CPU
		{05AE964B-0035-4155-A260-F8D9EAEA0D42}.Release|iPhone.Build.0 = Release|Any CPU
		{05AE964B-0035-4155-A260-F8D9EAEA0D42}.Release|iPhoneSimulator.ActiveCfg = Release|Any CPU
		{05AE964B-0035-4155-A260-F8D9EAEA0D42}.Release|iPhoneSimulator.Build.0 = Release|Any CPU
		{05AE964B-0035-4155-A260-F8D9EAEA0D42}.Debug|iPhone.ActiveCfg = Debug|Any CPU
		{05AE964B-0035-4155-A260-F8D9EAEA0D42}.Debug|iPhone.Build.0 = Debug|Any CPU
		{CEB6312E-0DF9-4CD2-849F-D60622650CE2}.Debug|Any CPU.ActiveCfg = Debug|iPhoneSimulator
		{CEB6312E-0DF9-4CD2-849F-D60622650CE2}.Debug|Any CPU.Build.0 = Debug|iPhoneSimulator
		{CEB6312E-0DF9-4CD2-849F-D60622650CE2}.Release|Any CPU.ActiveCfg = Release|iPhone
		{CEB6312E-0DF9-4CD2-849F-D60622650CE2}.Release|Any CPU.Build.0 = Release|iPhone
		{CEB6312E-0DF9-4CD2-849F-D60622650CE2}.Debug|iPhoneSimulator.ActiveCfg = Debug|iPhoneSimulator
		{CEB6312E-0DF9-4CD2-849F-D60622650CE2}.Debug|iPhoneSimulator.Build.0 = Debug|iPhoneSimulator
		{CEB6312E-0DF9-4CD2-849F-D60622650CE2}.Release|iPhone.ActiveCfg = Release|iPhone
		{CEB6312E-0DF9-4CD2-849F-D60622650CE2}.Release|iPhone.Build.0 = Release|iPhone
		{CEB6312E-0DF9-4CD2-849F-D60622650CE2}.Release|iPhoneSimulator.ActiveCfg = Release|iPhoneSimulator
		{CEB6312E-0DF9-4CD2-849F-D60622650CE2}.Release|iPhoneSimulator.Build.0 = Release|iPhoneSimulator
		{CEB6312E-0DF9-4CD2-849F-D60622650CE2}.Debug|iPhone.ActiveCfg = Debug|iPhone
		{CEB6312E-0DF9-4CD2-849F-D60622650CE2}.Debug|iPhone.Build.0 = Debug|iPhone
		{10CAA279-315E-43B1-A4DB-0D1FAD10144D}.Debug|Any CPU.ActiveCfg = Debug|Any CPU
		{10CAA279-315E-43B1-A4DB-0D1FAD10144D}.Debug|Any CPU.Build.0 = Debug|Any CPU
		{10CAA279-315E-43B1-A4DB-0D1FAD10144D}.Release|Any CPU.ActiveCfg = Release|Any CPU
		{10CAA279-315E-43B1-A4DB-0D1FAD10144D}.Release|Any CPU.Build.0 = Release|Any CPU
		{10CAA279-315E-43B1-A4DB-0D1FAD10144D}.Debug|iPhoneSimulator.ActiveCfg = Debug|Any CPU
		{10CAA279-315E-43B1-A4DB-0D1FAD10144D}.Debug|iPhoneSimulator.Build.0 = Debug|Any CPU
		{10CAA279-315E-43B1-A4DB-0D1FAD10144D}.Release|iPhone.ActiveCfg = Release|Any CPU
		{10CAA279-315E-43B1-A4DB-0D1FAD10144D}.Release|iPhone.Build.0 = Release|Any CPU
		{10CAA279-315E-43B1-A4DB-0D1FAD10144D}.Release|iPhoneSimulator.ActiveCfg = Release|Any CPU
		{10CAA279-315E-43B1-A4DB-0D1FAD10144D}.Release|iPhoneSimulator.Build.0 = Release|Any CPU
		{10CAA279-315E-43B1-A4DB-0D1FAD10144D}.Debug|iPhone.ActiveCfg = Debug|Any CPU
		{10CAA279-315E-43B1-A4DB-0D1FAD10144D}.Debug|iPhone.Build.0 = Debug|Any CPU
		{0520ACB6-AC90-4A3D-A597-1ABC3ED930F5}.Debug|Any CPU.ActiveCfg = Debug|Any CPU
		{0520ACB6-AC90-4A3D-A597-1ABC3ED930F5}.Debug|Any CPU.Build.0 = Debug|Any CPU
		{0520ACB6-AC90-4A3D-A597-1ABC3ED930F5}.Release|Any CPU.ActiveCfg = Release|Any CPU
		{0520ACB6-AC90-4A3D-A597-1ABC3ED930F5}.Release|Any CPU.Build.0 = Release|Any CPU
		{0520ACB6-AC90-4A3D-A597-1ABC3ED930F5}.Debug|iPhoneSimulator.ActiveCfg = Debug|Any CPU
		{0520ACB6-AC90-4A3D-A597-1ABC3ED930F5}.Debug|iPhoneSimulator.Build.0 = Debug|Any CPU
		{0520ACB6-AC90-4A3D-A597-1ABC3ED930F5}.Release|iPhone.ActiveCfg = Release|Any CPU
		{0520ACB6-AC90-4A3D-A597-1ABC3ED930F5}.Release|iPhone.Build.0 = Release|Any CPU
		{0520ACB6-AC90-4A3D-A597-1ABC3ED930F5}.Release|iPhoneSimulator.ActiveCfg = Release|Any CPU
		{0520ACB6-AC90-4A3D-A597-1ABC3ED930F5}.Release|iPhoneSimulator.Build.0 = Release|Any CPU
		{0520ACB6-AC90-4A3D-A597-1ABC3ED930F5}.Debug|iPhone.ActiveCfg = Debug|Any CPU
		{0520ACB6-AC90-4A3D-A597-1ABC3ED930F5}.Debug|iPhone.Build.0 = Debug|Any CPU
	EndGlobalSection
EndGlobal
