
Microsoft Visual Studio Solution File, Format Version 12.00
# Visual Studio 2012
Project("{FAE04EC0-301F-11D3-BF4B-00C04F79EFBC}") = "PXTabs.Sample.iOS", "iOS\PXTabs.Sample.iOS.csproj", "{CEB6312E-0DF9-4CD2-849F-D60622650CE2}"
EndProject
Project("{FAE04EC0-301F-11D3-BF4B-00C04F79EFBC}") = "PXTabs.Sample.Droid", "Droid\PXTabs.Sample.Droid.csproj", "{10CAA279-315E-43B1-A4DB-0D1FAD10144D}"
EndProject
Project("{FAE04EC0-301F-11D3-BF4B-00C04F79EFBC}") = "PXTabs.Sample.Core", "PXTabs.Sample.Core\PXTabs.Sample.Core.csproj", "{1D304649-13E2-4603-A4E2-7BBFD6840356}"
EndProject
Project("{FAE04EC0-301F-11D3-BF4B-00C04F79EFBC}") = "ProXamTabs", "ProXamTabs\ProXamTabs.csproj", "{9077E4BE-FF7B-4FE0-A033-D066F268A8C7}"
EndProject
Global
	GlobalSection(SolutionConfigurationPlatforms) = preSolution
		Debug|Any CPU = Debug|Any CPU
		Release|Any CPU = Release|Any CPU
		Debug|iPhoneSimulator = Debug|iPhoneSimulator
		Release|iPhone = Release|iPhone
		Release|iPhoneSimulator = Release|iPhoneSimulator
		Debug|iPhone = Debug|iPhone
	EndGlobalSection
	GlobalSection(ProjectConfigurationPlatforms) = postSolution
		{CEB6312E-0DF9-4CD2-849F-D60622650CE2}.Debug|Any CPU.ActiveCfg = Debug|iPhoneSimulator
		{CEB6312E-0DF9-4CD2-849F-D60622650CE2}.Debug|Any CPU.Build.0 = Debug|iPhoneSimulator
		{CEB6312E-0DF9-4CD2-849F-D60622650CE2}.Release|Any CPU.ActiveCfg = Release|iPhone
		{CEB6312E-0DF9-4CD2-849F-D60622650CE2}.Release|Any CPU.Build.0 = Release|iPhone
		{CEB6312E-0DF9-4CD2-849F-D60622650CE2}.Debug|iPhoneSimulator.ActiveCfg = Debug|iPhoneSimulator
		{CEB6312E-0DF9-4CD2-849F-D60622650CE2}.Debug|iPhoneSimulator.Build.0 = Debug|iPhoneSimulator
		{CEB6312E-0DF9-4CD2-849F-D60622650CE2}.Release|iPhone.ActiveCfg = Release|iPhone
		{CEB6312E-0DF9-4CD2-849F-D60622650CE2}.Release|iPhone.Build.0 = Release|iPhone
		{CEB6312E-0DF9-4CD2-849F-D60622650CE2}.Release|iPhoneSimulator.ActiveCfg = Release|iPhoneSimulator
		{CEB6312E-0DF9-4CD2-849F-D60622650CE2}.Release|iPhoneSimulator.Build.0 = Release|iPhoneSimulator
		{CEB6312E-0DF9-4CD2-849F-D60622650CE2}.Debug|iPhone.ActiveCfg = Debug|iPhone
		{CEB6312E-0DF9-4CD2-849F-D60622650CE2}.Debug|iPhone.Build.0 = Debug|iPhone
		{10CAA279-315E-43B1-A4DB-0D1FAD10144D}.Debug|Any CPU.ActiveCfg = Debug|Any CPU
		{10CAA279-315E-43B1-A4DB-0D1FAD10144D}.Debug|Any CPU.Build.0 = Debug|Any CPU
		{10CAA279-315E-43B1-A4DB-0D1FAD10144D}.Release|Any CPU.ActiveCfg = Release|Any CPU
		{10CAA279-315E-43B1-A4DB-0D1FAD10144D}.Release|Any CPU.Build.0 = Release|Any CPU
		{10CAA279-315E-43B1-A4DB-0D1FAD10144D}.Debug|iPhoneSimulator.ActiveCfg = Debug|Any CPU
		{10CAA279-315E-43B1-A4DB-0D1FAD10144D}.Debug|iPhoneSimulator.Build.0 = Debug|Any CPU
		{10CAA279-315E-43B1-A4DB-0D1FAD10144D}.Release|iPhone.ActiveCfg = Release|Any CPU
		{10CAA279-315E-43B1-A4DB-0D1FAD10144D}.Release|iPhone.Build.0 = Release|Any CPU
		{10CAA279-315E-43B1-A4DB-0D1FAD10144D}.Release|iPhoneSimulator.ActiveCfg = Release|Any CPU
		{10CAA279-315E-43B1-A4DB-0D1FAD10144D}.Release|iPhoneSimulator.Build.0 = Release|Any CPU
		{10CAA279-315E-43B1-A4DB-0D1FAD10144D}.Debug|iPhone.ActiveCfg = Debug|Any CPU
		{10CAA279-315E-43B1-A4DB-0D1FAD10144D}.Debug|iPhone.Build.0 = Debug|Any CPU
		{1D304649-13E2-4603-A4E2-7BBFD6840356}.Debug|Any CPU.ActiveCfg = Debug|Any CPU
		{1D304649-13E2-4603-A4E2-7BBFD6840356}.Debug|Any CPU.Build.0 = Debug|Any CPU
		{1D304649-13E2-4603-A4E2-7BBFD6840356}.Release|Any CPU.ActiveCfg = Release|Any CPU
		{1D304649-13E2-4603-A4E2-7BBFD6840356}.Release|Any CPU.Build.0 = Release|Any CPU
		{1D304649-13E2-4603-A4E2-7BBFD6840356}.Debug|iPhoneSimulator.ActiveCfg = Debug|Any CPU
		{1D304649-13E2-4603-A4E2-7BBFD6840356}.Debug|iPhoneSimulator.Build.0 = Debug|Any CPU
		{1D304649-13E2-4603-A4E2-7BBFD6840356}.Release|iPhone.ActiveCfg = Release|Any CPU
		{1D304649-13E2-4603-A4E2-7BBFD6840356}.Release|iPhone.Build.0 = Release|Any CPU
		{1D304649-13E2-4603-A4E2-7BBFD6840356}.Release|iPhoneSimulator.ActiveCfg = Release|Any CPU
		{1D304649-13E2-4603-A4E2-7BBFD6840356}.Release|iPhoneSimulator.Build.0 = Release|Any CPU
		{1D304649-13E2-4603-A4E2-7BBFD6840356}.Debug|iPhone.ActiveCfg = Debug|Any CPU
		{1D304649-13E2-4603-A4E2-7BBFD6840356}.Debug|iPhone.Build.0 = Debug|Any CPU
		{9077E4BE-FF7B-4FE0-A033-D066F268A8C7}.Debug|Any CPU.ActiveCfg = Debug|Any CPU
		{9077E4BE-FF7B-4FE0-A033-D066F268A8C7}.Debug|Any CPU.Build.0 = Debug|Any CPU
		{9077E4BE-FF7B-4FE0-A033-D066F268A8C7}.Release|Any CPU.ActiveCfg = Release|Any CPU
		{9077E4BE-FF7B-4FE0-A033-D066F268A8C7}.Release|Any CPU.Build.0 = Release|Any CPU
		{9077E4BE-FF7B-4FE0-A033-D066F268A8C7}.Debug|iPhoneSimulator.ActiveCfg = Debug|Any CPU
		{9077E4BE-FF7B-4FE0-A033-D066F268A8C7}.Debug|iPhoneSimulator.Build.0 = Debug|Any CPU
		{9077E4BE-FF7B-4FE0-A033-D066F268A8C7}.Release|iPhone.ActiveCfg = Release|Any CPU
		{9077E4BE-FF7B-4FE0-A033-D066F268A8C7}.Release|iPhone.Build.0 = Release|Any CPU
		{9077E4BE-FF7B-4FE0-A033-D066F268A8C7}.Release|iPhoneSimulator.ActiveCfg = Release|Any CPU
		{9077E4BE-FF7B-4FE0-A033-D066F268A8C7}.Release|iPhoneSimulator.Build.0 = Release|Any CPU
		{9077E4BE-FF7B-4FE0-A033-D066F268A8C7}.Debug|iPhone.ActiveCfg = Debug|Any CPU
		{9077E4BE-FF7B-4FE0-A033-D066F268A8C7}.Debug|iPhone.Build.0 = Debug|Any CPU
	EndGlobalSection
EndGlobal
